
Microsoft Visual Studio Solution File, Format Version 12.00
# Visual Studio Version 17
VisualStudioVersion = 17.10.35027.167
MinimumVisualStudioVersion = 10.0.40219.1
Project("{FAE04EC0-301F-11D3-BF4B-00C04F79EFBC}") = "A_FormView", "A_FormView\A_FormView.csproj", "{2A98EA90-D43A-48C6-A8C8-66732B2DCD8C}"
EndProject
Project("{FAE04EC0-301F-11D3-BF4B-00C04F79EFBC}") = "A_TrayMsg", "A_TrayMsg\A_TrayMsg.csproj", "{945304C3-B6CC-453F-9E27-D0DB8B58B8D4}"
EndProject
Global
	GlobalSection(SolutionConfigurationPlatforms) = preSolution
		Debug|Any CPU = Debug|Any CPU
		Release|Any CPU = Release|Any CPU
	EndGlobalSection
	GlobalSection(ProjectConfigurationPlatforms) = postSolution
		{2A98EA90-D43A-48C6-A8C8-66732B2DCD8C}.Debug|Any CPU.ActiveCfg = Debug|Any CPU
		{2A98EA90-D43A-48C6-A8C8-66732B2DCD8C}.Debug|Any CPU.Build.0 = Debug|Any CPU
		{2A98EA90-D43A-48C6-A8C8-66732B2DCD8C}.Release|Any CPU.ActiveCfg = Release|Any CPU
		{2A98EA90-D43A-48C6-A8C8-66732B2DCD8C}.Release|Any CPU.Build.0 = Release|Any CPU
		{945304C3-B6CC-453F-9E27-D0DB8B58B8D4}.Debug|Any CPU.ActiveCfg = Debug|Any CPU
		{945304C3-B6CC-453F-9E27-D0DB8B58B8D4}.Debug|Any CPU.Build.0 = Debug|Any CPU
		{945304C3-B6CC-453F-9E27-D0DB8B58B8D4}.Release|Any CPU.ActiveCfg = Release|Any CPU
		{945304C3-B6CC-453F-9E27-D0DB8B58B8D4}.Release|Any CPU.Build.0 = Release|Any CPU
	EndGlobalSection
	GlobalSection(SolutionProperties) = preSolution
		HideSolutionNode = FALSE
	EndGlobalSection
	GlobalSection(ExtensibilityGlobals) = postSolution
		SolutionGuid = {C8EBD93D-0D22-4CB1-94EE-F7785EDFB959}
	EndGlobalSection
EndGlobal
