
Microsoft Visual Studio Solution File, Format Version 12.00
# Visual Studio Version 17
VisualStudioVersion = 17.10.35027.167
MinimumVisualStudioVersion = 10.0.40219.1
Project("{FAE04EC0-301F-11D3-BF4B-00C04F79EFBC}") = "A_FileView", "A_FileView\A_FileView.csproj", "{38381C30-C63E-4533-9F8A-352C40938D15}"
EndProject
Global
	GlobalSection(SolutionConfigurationPlatforms) = preSolution
		Debug|Any CPU = Debug|Any CPU
		Release|Any CPU = Release|Any CPU
	EndGlobalSection
	GlobalSection(ProjectConfigurationPlatforms) = postSolution
		{38381C30-C63E-4533-9F8A-352C40938D15}.Debug|Any CPU.ActiveCfg = Debug|Any CPU
		{38381C30-C63E-4533-9F8A-352C40938D15}.Debug|Any CPU.Build.0 = Debug|Any CPU
		{38381C30-C63E-4533-9F8A-352C40938D15}.Release|Any CPU.ActiveCfg = Release|Any CPU
		{38381C30-C63E-4533-9F8A-352C40938D15}.Release|Any CPU.Build.0 = Release|Any CPU
	EndGlobalSection
	GlobalSection(SolutionProperties) = preSolution
		HideSolutionNode = FALSE
	EndGlobalSection
	GlobalSection(ExtensibilityGlobals) = postSolution
		SolutionGuid = {684BC44B-09B5-4FEB-BBD4-C7F6F044486C}
	EndGlobalSection
EndGlobal
